
Microsoft Visual Studio Solution File, Format Version 12.00
# Visual Studio Version 17
VisualStudioVersion = 17.1.32228.430
MinimumVisualStudioVersion = 10.0.40219.1
Project("{9A19103F-16F7-4668-BE54-9A1E7A4F7556}") = "BilgeAdam.ADONET.LoginPage", "BilgeAdam.ADONET.LoginPage\BilgeAdam.ADONET.LoginPage.csproj", "{9E135542-F0DB-4785-91AD-B1F09D2C73DE}"
EndProject
Project("{9A19103F-16F7-4668-BE54-9A1E7A4F7556}") = "BilgeAdam.Delegate", "BilgeAdam.Delegate\BilgeAdam.Delegate.csproj", "{4B680B88-BACC-4B97-AC6C-C4143A44BAFE}"
EndProject
Project("{9A19103F-16F7-4668-BE54-9A1E7A4F7556}") = "BilgeAdam.Data", "BilgeAdam.Data\BilgeAdam.Data.csproj", "{0A30F098-DED8-46BF-B68C-4DF4495C3FA2}"
EndProject
Project("{FAE04EC0-301F-11D3-BF4B-00C04F79EFBC}") = "BilgeAdam.Common.Library", "BilgeAdam.Common.Library\BilgeAdam.Common.Library.csproj", "{8397DBCE-5B91-4A65-8472-0EF9E8FCC891}"
EndProject
Project("{FAE04EC0-301F-11D3-BF4B-00C04F79EFBC}") = "BilgeAdam.SqlParameter", "BilgeAdam.SqlParameter\BilgeAdam.SqlParameter.csproj", "{192190B3-9C7F-4D4A-A21F-006713A02B06}"
EndProject
Global
	GlobalSection(SolutionConfigurationPlatforms) = preSolution
		Debug|Any CPU = Debug|Any CPU
		Release|Any CPU = Release|Any CPU
	EndGlobalSection
	GlobalSection(ProjectConfigurationPlatforms) = postSolution
		{9E135542-F0DB-4785-91AD-B1F09D2C73DE}.Debug|Any CPU.ActiveCfg = Debug|Any CPU
		{9E135542-F0DB-4785-91AD-B1F09D2C73DE}.Debug|Any CPU.Build.0 = Debug|Any CPU
		{9E135542-F0DB-4785-91AD-B1F09D2C73DE}.Release|Any CPU.ActiveCfg = Release|Any CPU
		{9E135542-F0DB-4785-91AD-B1F09D2C73DE}.Release|Any CPU.Build.0 = Release|Any CPU
		{4B680B88-BACC-4B97-AC6C-C4143A44BAFE}.Debug|Any CPU.ActiveCfg = Debug|Any CPU
		{4B680B88-BACC-4B97-AC6C-C4143A44BAFE}.Debug|Any CPU.Build.0 = Debug|Any CPU
		{4B680B88-BACC-4B97-AC6C-C4143A44BAFE}.Release|Any CPU.ActiveCfg = Release|Any CPU
		{4B680B88-BACC-4B97-AC6C-C4143A44BAFE}.Release|Any CPU.Build.0 = Release|Any CPU
		{0A30F098-DED8-46BF-B68C-4DF4495C3FA2}.Debug|Any CPU.ActiveCfg = Debug|Any CPU
		{0A30F098-DED8-46BF-B68C-4DF4495C3FA2}.Debug|Any CPU.Build.0 = Debug|Any CPU
		{0A30F098-DED8-46BF-B68C-4DF4495C3FA2}.Release|Any CPU.ActiveCfg = Release|Any CPU
		{0A30F098-DED8-46BF-B68C-4DF4495C3FA2}.Release|Any CPU.Build.0 = Release|Any CPU
		{8397DBCE-5B91-4A65-8472-0EF9E8FCC891}.Debug|Any CPU.ActiveCfg = Debug|Any CPU
		{8397DBCE-5B91-4A65-8472-0EF9E8FCC891}.Debug|Any CPU.Build.0 = Debug|Any CPU
		{8397DBCE-5B91-4A65-8472-0EF9E8FCC891}.Release|Any CPU.ActiveCfg = Release|Any CPU
		{8397DBCE-5B91-4A65-8472-0EF9E8FCC891}.Release|Any CPU.Build.0 = Release|Any CPU
		{192190B3-9C7F-4D4A-A21F-006713A02B06}.Debug|Any CPU.ActiveCfg = Debug|Any CPU
		{192190B3-9C7F-4D4A-A21F-006713A02B06}.Debug|Any CPU.Build.0 = Debug|Any CPU
		{192190B3-9C7F-4D4A-A21F-006713A02B06}.Release|Any CPU.ActiveCfg = Release|Any CPU
		{192190B3-9C7F-4D4A-A21F-006713A02B06}.Release|Any CPU.Build.0 = Release|Any CPU
	EndGlobalSection
	GlobalSection(SolutionProperties) = preSolution
		HideSolutionNode = FALSE
	EndGlobalSection
	GlobalSection(ExtensibilityGlobals) = postSolution
		SolutionGuid = {D663B77C-B981-4170-A92A-E189669841F5}
	EndGlobalSection
EndGlobal
